
Microsoft Visual Studio Solution File, Format Version 12.00
# Visual Studio Version 17
VisualStudioVersion = 17.14.36705.20 d17.14
MinimumVisualStudioVersion = 10.0.40219.1
Project("{FAE04EC0-301F-11D3-BF4B-00C04F79EFBC}") = "Masodfoku", "Masodfoku\Masodfoku.csproj", "{1BC5620D-33ED-4907-A4F4-2D548B854C74}"
EndProject
Global
	GlobalSection(SolutionConfigurationPlatforms) = preSolution
		Debug|Any CPU = Debug|Any CPU
		Release|Any CPU = Release|Any CPU
	EndGlobalSection
	GlobalSection(ProjectConfigurationPlatforms) = postSolution
		{1BC5620D-33ED-4907-A4F4-2D548B854C74}.Debug|Any CPU.ActiveCfg = Debug|Any CPU
		{1BC5620D-33ED-4907-A4F4-2D548B854C74}.Debug|Any CPU.Build.0 = Debug|Any CPU
		{1BC5620D-33ED-4907-A4F4-2D548B854C74}.Release|Any CPU.ActiveCfg = Release|Any CPU
		{1BC5620D-33ED-4907-A4F4-2D548B854C74}.Release|Any CPU.Build.0 = Release|Any CPU
	EndGlobalSection
	GlobalSection(SolutionProperties) = preSolution
		HideSolutionNode = FALSE
	EndGlobalSection
	GlobalSection(ExtensibilityGlobals) = postSolution
		SolutionGuid = {72553A89-4442-4BFD-A052-723DB9B1DF1E}
	EndGlobalSection
EndGlobal
