
Microsoft Visual Studio Solution File, Format Version 12.00
# Visual Studio Version 17
VisualStudioVersion = 17.14.36705.20
MinimumVisualStudioVersion = 10.0.40219.1
Project("{FAE04EC0-301F-11D3-BF4B-00C04F79EFBC}") = "Autoverseny", "Autoverseny\Autoverseny.csproj", "{D0B16834-5551-4BEB-9B35-F5E4F597BAE9}"
EndProject
Project("{FAE04EC0-301F-11D3-BF4B-00C04F79EFBC}") = "Autoverseny_lib", "Autoverseny_libb\Autoverseny_lib.csproj", "{FADA588A-211B-48E3-BEFD-C695E3ECD2D2}"
EndProject
Global
	GlobalSection(SolutionConfigurationPlatforms) = preSolution
		Debug|Any CPU = Debug|Any CPU
		Release|Any CPU = Release|Any CPU
	EndGlobalSection
	GlobalSection(ProjectConfigurationPlatforms) = postSolution
		{D0B16834-5551-4BEB-9B35-F5E4F597BAE9}.Debug|Any CPU.ActiveCfg = Debug|Any CPU
		{D0B16834-5551-4BEB-9B35-F5E4F597BAE9}.Debug|Any CPU.Build.0 = Debug|Any CPU
		{D0B16834-5551-4BEB-9B35-F5E4F597BAE9}.Release|Any CPU.ActiveCfg = Release|Any CPU
		{D0B16834-5551-4BEB-9B35-F5E4F597BAE9}.Release|Any CPU.Build.0 = Release|Any CPU
		{FADA588A-211B-48E3-BEFD-C695E3ECD2D2}.Debug|Any CPU.ActiveCfg = Debug|Any CPU
		{FADA588A-211B-48E3-BEFD-C695E3ECD2D2}.Debug|Any CPU.Build.0 = Debug|Any CPU
		{FADA588A-211B-48E3-BEFD-C695E3ECD2D2}.Release|Any CPU.ActiveCfg = Release|Any CPU
		{FADA588A-211B-48E3-BEFD-C695E3ECD2D2}.Release|Any CPU.Build.0 = Release|Any CPU
	EndGlobalSection
	GlobalSection(SolutionProperties) = preSolution
		HideSolutionNode = FALSE
	EndGlobalSection
	GlobalSection(ExtensibilityGlobals) = postSolution
		SolutionGuid = {8176EB7C-1A49-496E-AA14-F787DB7EEC17}
	EndGlobalSection
EndGlobal
