
Microsoft Visual Studio Solution File, Format Version 12.00
# Visual Studio Version 17
VisualStudioVersion = 17.14.36429.23 d17.14
MinimumVisualStudioVersion = 10.0.40219.1
Project("{FAE04EC0-301F-11D3-BF4B-00C04F79EFBC}") = "Csokigyar", "Csokigyar\Csokigyar.csproj", "{1123E31C-5ABA-4D33-9709-5D11DCF30555}"
EndProject
Project("{FAE04EC0-301F-11D3-BF4B-00C04F79EFBC}") = "Csokigyar_lib", "Csokigyar_lib\Csokigyar_lib.csproj", "{CE6345E8-D53C-460E-85A8-05B3007051C6}"
EndProject
Global
	GlobalSection(SolutionConfigurationPlatforms) = preSolution
		Debug|Any CPU = Debug|Any CPU
		Release|Any CPU = Release|Any CPU
	EndGlobalSection
	GlobalSection(ProjectConfigurationPlatforms) = postSolution
		{1123E31C-5ABA-4D33-9709-5D11DCF30555}.Debug|Any CPU.ActiveCfg = Debug|Any CPU
		{1123E31C-5ABA-4D33-9709-5D11DCF30555}.Debug|Any CPU.Build.0 = Debug|Any CPU
		{1123E31C-5ABA-4D33-9709-5D11DCF30555}.Release|Any CPU.ActiveCfg = Release|Any CPU
		{1123E31C-5ABA-4D33-9709-5D11DCF30555}.Release|Any CPU.Build.0 = Release|Any CPU
		{CE6345E8-D53C-460E-85A8-05B3007051C6}.Debug|Any CPU.ActiveCfg = Debug|Any CPU
		{CE6345E8-D53C-460E-85A8-05B3007051C6}.Debug|Any CPU.Build.0 = Debug|Any CPU
		{CE6345E8-D53C-460E-85A8-05B3007051C6}.Release|Any CPU.ActiveCfg = Release|Any CPU
		{CE6345E8-D53C-460E-85A8-05B3007051C6}.Release|Any CPU.Build.0 = Release|Any CPU
	EndGlobalSection
	GlobalSection(SolutionProperties) = preSolution
		HideSolutionNode = FALSE
	EndGlobalSection
	GlobalSection(ExtensibilityGlobals) = postSolution
		SolutionGuid = {D5692F48-79A2-4763-BFCC-B55EBBC175AA}
	EndGlobalSection
EndGlobal
