
Microsoft Visual Studio Solution File, Format Version 12.00
# Visual Studio Version 17
VisualStudioVersion = 17.14.36705.20 d17.14
MinimumVisualStudioVersion = 10.0.40219.1
Project("{FAE04EC0-301F-11D3-BF4B-00C04F79EFBC}") = "ViragKoteszet", "ViragKoteszet\ViragKoteszet.csproj", "{8143C406-F5C8-4E61-89F1-3B14C98B2A9B}"
EndProject
Project("{FAE04EC0-301F-11D3-BF4B-00C04F79EFBC}") = "ViragKoteszet_lib", "ViragKoteszet_lib\ViragKoteszet_lib.csproj", "{7D7AF60E-3130-435F-8624-2D997C3A8A8F}"
EndProject
Global
	GlobalSection(SolutionConfigurationPlatforms) = preSolution
		Debug|Any CPU = Debug|Any CPU
		Release|Any CPU = Release|Any CPU
	EndGlobalSection
	GlobalSection(ProjectConfigurationPlatforms) = postSolution
		{8143C406-F5C8-4E61-89F1-3B14C98B2A9B}.Debug|Any CPU.ActiveCfg = Debug|Any CPU
		{8143C406-F5C8-4E61-89F1-3B14C98B2A9B}.Debug|Any CPU.Build.0 = Debug|Any CPU
		{8143C406-F5C8-4E61-89F1-3B14C98B2A9B}.Release|Any CPU.ActiveCfg = Release|Any CPU
		{8143C406-F5C8-4E61-89F1-3B14C98B2A9B}.Release|Any CPU.Build.0 = Release|Any CPU
		{7D7AF60E-3130-435F-8624-2D997C3A8A8F}.Debug|Any CPU.ActiveCfg = Debug|Any CPU
		{7D7AF60E-3130-435F-8624-2D997C3A8A8F}.Debug|Any CPU.Build.0 = Debug|Any CPU
		{7D7AF60E-3130-435F-8624-2D997C3A8A8F}.Release|Any CPU.ActiveCfg = Release|Any CPU
		{7D7AF60E-3130-435F-8624-2D997C3A8A8F}.Release|Any CPU.Build.0 = Release|Any CPU
	EndGlobalSection
	GlobalSection(SolutionProperties) = preSolution
		HideSolutionNode = FALSE
	EndGlobalSection
	GlobalSection(ExtensibilityGlobals) = postSolution
		SolutionGuid = {9E9B5415-20F2-495E-B9CD-A726B71D17B8}
	EndGlobalSection
EndGlobal
