
Microsoft Visual Studio Solution File, Format Version 12.00
# Visual Studio Version 17
VisualStudioVersion = 17.14.36705.20 d17.14
MinimumVisualStudioVersion = 10.0.40219.1
Project("{FAE04EC0-301F-11D3-BF4B-00C04F79EFBC}") = "Ajandekdoboz_bb", "Ajandekdoboz_bb\Ajandekdoboz_bb.csproj", "{7A865368-4573-4D76-ABCC-31A5E64FB866}"
EndProject
Project("{FAE04EC0-301F-11D3-BF4B-00C04F79EFBC}") = "Ajandekdoboz_lib", "Ajandekdoboz_lib\Ajandekdoboz_lib.csproj", "{62182547-C7AA-42D2-BFCF-0611E9C37EC0}"
EndProject
Global
	GlobalSection(SolutionConfigurationPlatforms) = preSolution
		Debug|Any CPU = Debug|Any CPU
		Release|Any CPU = Release|Any CPU
	EndGlobalSection
	GlobalSection(ProjectConfigurationPlatforms) = postSolution
		{7A865368-4573-4D76-ABCC-31A5E64FB866}.Debug|Any CPU.ActiveCfg = Debug|Any CPU
		{7A865368-4573-4D76-ABCC-31A5E64FB866}.Debug|Any CPU.Build.0 = Debug|Any CPU
		{7A865368-4573-4D76-ABCC-31A5E64FB866}.Release|Any CPU.ActiveCfg = Release|Any CPU
		{7A865368-4573-4D76-ABCC-31A5E64FB866}.Release|Any CPU.Build.0 = Release|Any CPU
		{62182547-C7AA-42D2-BFCF-0611E9C37EC0}.Debug|Any CPU.ActiveCfg = Debug|Any CPU
		{62182547-C7AA-42D2-BFCF-0611E9C37EC0}.Debug|Any CPU.Build.0 = Debug|Any CPU
		{62182547-C7AA-42D2-BFCF-0611E9C37EC0}.Release|Any CPU.ActiveCfg = Release|Any CPU
		{62182547-C7AA-42D2-BFCF-0611E9C37EC0}.Release|Any CPU.Build.0 = Release|Any CPU
	EndGlobalSection
	GlobalSection(SolutionProperties) = preSolution
		HideSolutionNode = FALSE
	EndGlobalSection
	GlobalSection(ExtensibilityGlobals) = postSolution
		SolutionGuid = {E7793A5A-D85A-4308-8394-28596F9CF7FA}
	EndGlobalSection
EndGlobal
