
Microsoft Visual Studio Solution File, Format Version 12.00
# Visual Studio Version 17
VisualStudioVersion = 17.14.36705.20 d17.14
MinimumVisualStudioVersion = 10.0.40219.1
Project("{FAE04EC0-301F-11D3-BF4B-00C04F79EFBC}") = "MesterEmber", "MesterEmber\MesterEmber.csproj", "{97949669-F75D-4D19-95DB-FB27B9C05D87}"
EndProject
Project("{FAE04EC0-301F-11D3-BF4B-00C04F79EFBC}") = "MesterEmberLib", "MesterEmberLib\MesterEmberLib.csproj", "{4D762F00-B5D6-4A2A-B00D-F953328ADD70}"
EndProject
Global
	GlobalSection(SolutionConfigurationPlatforms) = preSolution
		Debug|Any CPU = Debug|Any CPU
		Release|Any CPU = Release|Any CPU
	EndGlobalSection
	GlobalSection(ProjectConfigurationPlatforms) = postSolution
		{97949669-F75D-4D19-95DB-FB27B9C05D87}.Debug|Any CPU.ActiveCfg = Debug|Any CPU
		{97949669-F75D-4D19-95DB-FB27B9C05D87}.Debug|Any CPU.Build.0 = Debug|Any CPU
		{97949669-F75D-4D19-95DB-FB27B9C05D87}.Release|Any CPU.ActiveCfg = Release|Any CPU
		{97949669-F75D-4D19-95DB-FB27B9C05D87}.Release|Any CPU.Build.0 = Release|Any CPU
		{4D762F00-B5D6-4A2A-B00D-F953328ADD70}.Debug|Any CPU.ActiveCfg = Debug|Any CPU
		{4D762F00-B5D6-4A2A-B00D-F953328ADD70}.Debug|Any CPU.Build.0 = Debug|Any CPU
		{4D762F00-B5D6-4A2A-B00D-F953328ADD70}.Release|Any CPU.ActiveCfg = Release|Any CPU
		{4D762F00-B5D6-4A2A-B00D-F953328ADD70}.Release|Any CPU.Build.0 = Release|Any CPU
	EndGlobalSection
	GlobalSection(SolutionProperties) = preSolution
		HideSolutionNode = FALSE
	EndGlobalSection
	GlobalSection(ExtensibilityGlobals) = postSolution
		SolutionGuid = {A90D4413-9898-42B6-A34B-E5ED93EC762A}
	EndGlobalSection
EndGlobal
