
Microsoft Visual Studio Solution File, Format Version 12.00
# Visual Studio Version 17
VisualStudioVersion = 17.14.36705.20 d17.14
MinimumVisualStudioVersion = 10.0.40219.1
Project("{FAE04EC0-301F-11D3-BF4B-00C04F79EFBC}") = "Halmazok", "Halmazok\Halmazok.csproj", "{0DB2ED3B-A37E-4E1E-8E94-087A12742AE3}"
EndProject
Project("{FAE04EC0-301F-11D3-BF4B-00C04F79EFBC}") = "Halmazok_lib", "Halmazok_lib\Halmazok_lib.csproj", "{D386C7E8-B940-432C-A1D8-6125B245CD70}"
EndProject
Global
	GlobalSection(SolutionConfigurationPlatforms) = preSolution
		Debug|Any CPU = Debug|Any CPU
		Release|Any CPU = Release|Any CPU
	EndGlobalSection
	GlobalSection(ProjectConfigurationPlatforms) = postSolution
		{0DB2ED3B-A37E-4E1E-8E94-087A12742AE3}.Debug|Any CPU.ActiveCfg = Debug|Any CPU
		{0DB2ED3B-A37E-4E1E-8E94-087A12742AE3}.Debug|Any CPU.Build.0 = Debug|Any CPU
		{0DB2ED3B-A37E-4E1E-8E94-087A12742AE3}.Release|Any CPU.ActiveCfg = Release|Any CPU
		{0DB2ED3B-A37E-4E1E-8E94-087A12742AE3}.Release|Any CPU.Build.0 = Release|Any CPU
		{D386C7E8-B940-432C-A1D8-6125B245CD70}.Debug|Any CPU.ActiveCfg = Debug|Any CPU
		{D386C7E8-B940-432C-A1D8-6125B245CD70}.Debug|Any CPU.Build.0 = Debug|Any CPU
		{D386C7E8-B940-432C-A1D8-6125B245CD70}.Release|Any CPU.ActiveCfg = Release|Any CPU
		{D386C7E8-B940-432C-A1D8-6125B245CD70}.Release|Any CPU.Build.0 = Release|Any CPU
	EndGlobalSection
	GlobalSection(SolutionProperties) = preSolution
		HideSolutionNode = FALSE
	EndGlobalSection
	GlobalSection(ExtensibilityGlobals) = postSolution
		SolutionGuid = {F9F98EAA-F826-4CF2-9839-8ABDE77C3F49}
	EndGlobalSection
EndGlobal
