
Microsoft Visual Studio Solution File, Format Version 12.00
# Visual Studio Version 17
VisualStudioVersion = 17.14.36429.23 d17.14
MinimumVisualStudioVersion = 10.0.40219.1
Project("{FAE04EC0-301F-11D3-BF4B-00C04F79EFBC}") = "HaviKifizetes", "HaviKifizetes\HaviKifizetes.csproj", "{FAF00407-99EF-481B-88ED-B1BB4089C8A4}"
EndProject
Project("{FAE04EC0-301F-11D3-BF4B-00C04F79EFBC}") = "Fizetesek_lib", "Fizetesek_lib\Fizetesek_lib.csproj", "{B4BAA930-2F16-4C8C-B910-D046EFDA3526}"
EndProject
Global
	GlobalSection(SolutionConfigurationPlatforms) = preSolution
		Debug|Any CPU = Debug|Any CPU
		Release|Any CPU = Release|Any CPU
	EndGlobalSection
	GlobalSection(ProjectConfigurationPlatforms) = postSolution
		{FAF00407-99EF-481B-88ED-B1BB4089C8A4}.Debug|Any CPU.ActiveCfg = Debug|Any CPU
		{FAF00407-99EF-481B-88ED-B1BB4089C8A4}.Debug|Any CPU.Build.0 = Debug|Any CPU
		{FAF00407-99EF-481B-88ED-B1BB4089C8A4}.Release|Any CPU.ActiveCfg = Release|Any CPU
		{FAF00407-99EF-481B-88ED-B1BB4089C8A4}.Release|Any CPU.Build.0 = Release|Any CPU
		{B4BAA930-2F16-4C8C-B910-D046EFDA3526}.Debug|Any CPU.ActiveCfg = Debug|Any CPU
		{B4BAA930-2F16-4C8C-B910-D046EFDA3526}.Debug|Any CPU.Build.0 = Debug|Any CPU
		{B4BAA930-2F16-4C8C-B910-D046EFDA3526}.Release|Any CPU.ActiveCfg = Release|Any CPU
		{B4BAA930-2F16-4C8C-B910-D046EFDA3526}.Release|Any CPU.Build.0 = Release|Any CPU
	EndGlobalSection
	GlobalSection(SolutionProperties) = preSolution
		HideSolutionNode = FALSE
	EndGlobalSection
	GlobalSection(ExtensibilityGlobals) = postSolution
		SolutionGuid = {B0FDFAED-EDF6-4790-A262-09B857A19943}
	EndGlobalSection
EndGlobal
